{
  "version": "3",
  "remote": {
    "https://deno.land/std@0.147.0/_deno_unstable.ts": "be3276fd42cffb49f51b705c4b0aa8656aaf2a34be22d769455c8e50ea38e51a",
    "https://deno.land/std@0.147.0/_util/assert.ts": "e94f2eb37cebd7f199952e242c77654e43333c1ac4c5c700e929ea3aa5489f74",
    "https://deno.land/std@0.147.0/_util/os.ts": "3b4c6e27febd119d36a416d7a97bd3b0251b77c88942c8f16ee5953ea13e2e49",
    "https://deno.land/std@0.147.0/bytes/bytes_list.ts": "aba5e2369e77d426b10af1de0dcc4531acecec27f9b9056f4f7bfbf8ac147ab4",
    "https://deno.land/std@0.147.0/bytes/equals.ts": "3c3558c3ae85526f84510aa2b48ab2ad7bdd899e2e0f5b7a8ffc85acb3a6043a",
    "https://deno.land/std@0.147.0/bytes/mod.ts": "763f97d33051cc3f28af1a688dfe2830841192a9fea0cbaa55f927b49d49d0bf",
    "https://deno.land/std@0.147.0/fmt/colors.ts": "6f9340b7fb8cc25a993a99e5efc56fe81bb5af284ff412129dd06df06f53c0b4",
    "https://deno.land/std@0.147.0/fs/_util.ts": "2cf50bfb1081c2d5f2efec10ac19abbc2baf478e51cd1b057d0da2f30585b6ba",
    "https://deno.land/std@0.147.0/fs/copy.ts": "9248d1492599957af8c693ceb10a432b09f0b0b61c60a4d6aff29b0c7d3a17b3",
    "https://deno.land/std@0.147.0/fs/empty_dir.ts": "7274d87160de34cbed0531e284df383045cf43543bbeadeb97feac598bd8f3c5",
    "https://deno.land/std@0.147.0/fs/ensure_dir.ts": "9dc109c27df4098b9fc12d949612ae5c9c7169507660dcf9ad90631833209d9d",
    "https://deno.land/std@0.147.0/fs/ensure_file.ts": "7d353e64fee3d4d1e7c6b6726a2a5e987ba402c15fb49566309042887349c545",
    "https://deno.land/std@0.147.0/fs/ensure_link.ts": "489e23df9fe3e6636048b5830ddf0f111eb29621eb85719255ad9bd645f3471b",
    "https://deno.land/std@0.147.0/fs/ensure_symlink.ts": "88dc83de1bc90ed883dd458c2d2eae3d5834a4617d12925734836e1f0803b274",
    "https://deno.land/std@0.147.0/fs/eol.ts": "b92f0b88036de507e7e6fbedbe8f666835ea9dcbf5ac85917fa1fadc919f83a5",
    "https://deno.land/std@0.147.0/fs/exists.ts": "cb734d872f8554ea40b8bff77ad33d4143c1187eac621a55bf37781a43c56f6d",
    "https://deno.land/std@0.147.0/fs/expand_glob.ts": "143400698822117018c3646f4b7d2d418bc5cdede1ec837a8c70013b7711c761",
    "https://deno.land/std@0.147.0/fs/mod.ts": "7111008fcdf935f1bfdf07f881f4d1e152063d146025e9622ae12d1fd5f4d7b8",
    "https://deno.land/std@0.147.0/fs/move.ts": "0573cedcf583f09a9494f2dfccbf67de68a93629942d6b5e6e74a9e45d4e8a2e",
    "https://deno.land/std@0.147.0/fs/walk.ts": "6ce8d87fbaeda23383e979599ad27f3f94b3e5ff0c0cd976b5fc5c2aa0df7d92",
    "https://deno.land/std@0.147.0/io/buffer.ts": "bd0c4bf53db4b4be916ca5963e454bddfd3fcd45039041ea161dbf826817822b",
    "https://deno.land/std@0.147.0/io/types.d.ts": "0cae3a62da7a37043661746c65c021058bae020b54e50c0e774916e5d4baee43",
    "https://deno.land/std@0.147.0/path/_constants.ts": "df1db3ffa6dd6d1252cc9617e5d72165cd2483df90e93833e13580687b6083c3",
    "https://deno.land/std@0.147.0/path/_interface.ts": "ee3b431a336b80cf445441109d089b70d87d5e248f4f90ff906820889ecf8d09",
    "https://deno.land/std@0.147.0/path/_util.ts": "c1e9686d0164e29f7d880b2158971d805b6e0efc3110d0b3e24e4b8af2190d2b",
    "https://deno.land/std@0.147.0/path/common.ts": "bee563630abd2d97f99d83c96c2fa0cca7cee103e8cb4e7699ec4d5db7bd2633",
    "https://deno.land/std@0.147.0/path/glob.ts": "cb5255638de1048973c3e69e420c77dc04f75755524cb3b2e160fe9277d939ee",
    "https://deno.land/std@0.147.0/path/mod.ts": "4945b430b759b0b3d98f2a278542cbcf95e0ad2bd8eaaed3c67322b306b2b346",
    "https://deno.land/std@0.147.0/path/posix.ts": "c1f7afe274290ea0b51da07ee205653b2964bd74909a82deb07b69a6cc383aaa",
    "https://deno.land/std@0.147.0/path/separator.ts": "fe1816cb765a8068afb3e8f13ad272351c85cbc739af56dacfc7d93d710fe0f9",
    "https://deno.land/std@0.147.0/path/win32.ts": "bd7549042e37879c68ff2f8576a25950abbfca1d696d41d82c7bca0b7e6f452c",
    "https://deno.land/std@0.147.0/streams/conversion.ts": "fc3db02026183da795fa32ac7549868e9f19c75ba029d4b4c3739af62b48517a",
    "https://deno.land/std@0.153.0/semver/mod.ts": "25f6d286ab714096bc278babbf8d7c7d51ce790c83805fd7e1e2bd6a18b5f2e2",
    "https://deno.land/std@0.170.0/_util/asserts.ts": "d0844e9b62510f89ce1f9878b046f6a57bf88f208a10304aab50efcb48365272",
    "https://deno.land/std@0.170.0/bytes/bytes_list.ts": "aba5e2369e77d426b10af1de0dcc4531acecec27f9b9056f4f7bfbf8ac147ab4",
    "https://deno.land/std@0.170.0/bytes/concat.ts": "97a1274e117510ffffc9499c4debb9541e408732bab2e0ca624869ae13103c10",
    "https://deno.land/std@0.170.0/bytes/copy.ts": "d14a58f188a997ee0d2ba696d0c82a42f4fb4b6705e90a4238b77d7644dae24c",
    "https://deno.land/std@0.170.0/encoding/_yaml/dumper/dumper.ts": "5bd334372608a1aec7a2343705930889d4048f57a2c4d398f1d6d75996ecd0d3",
    "https://deno.land/std@0.170.0/encoding/_yaml/dumper/dumper_state.ts": "3c1bc8519c1832f0f136856881b97f0b42f64b7968767dbc36b8b0b6cae963dc",
    "https://deno.land/std@0.170.0/encoding/_yaml/error.ts": "6ca899f6d86c6979bce6d7c3a6a8e2a360b09d8b0f55d2e649bd1233604fb7c9",
    "https://deno.land/std@0.170.0/encoding/_yaml/loader/loader.ts": "db200890459e9490b21d8ce657d9566327e1d1d20ed493393a1f04a51516436c",
    "https://deno.land/std@0.170.0/encoding/_yaml/loader/loader_state.ts": "59124e56d864274ce4043dca8bf63e937c6e960e4ad120465e424b38f3469b2d",
    "https://deno.land/std@0.170.0/encoding/_yaml/mark.ts": "7f67f43755b2602fefe52012eb3ab627880da97edd0f6c00f916ceb2ddb1b5d1",
    "https://deno.land/std@0.170.0/encoding/_yaml/parse.ts": "f0c9b19957b78003e268cea886451d9eb5a71645308c1e64db05efb669ffb114",
    "https://deno.land/std@0.170.0/encoding/_yaml/schema.ts": "db295ea6079fce9c38f4ee2ff1233c65db598b35b379551e445b558534b2e1fd",
    "https://deno.land/std@0.170.0/encoding/_yaml/schema/core.ts": "bcb47a389d596369fbfccf73a6b221ac3ca5440149b4f6df1e707f2efc6854ef",
    "https://deno.land/std@0.170.0/encoding/_yaml/schema/default.ts": "8b6bd9cb1cab07a3397e1cc3843edba6ad40d1bd15687c1f56cd977da834d984",
    "https://deno.land/std@0.170.0/encoding/_yaml/schema/extended.ts": "e8b8976bcfda4c339709fba75787168fbc780458e52b9729386284d33f57e21a",
    "https://deno.land/std@0.170.0/encoding/_yaml/schema/failsafe.ts": "7254a9ca0dff8f30377098622812e55c4535aaf352fecb4ec51939e596bd74e7",
    "https://deno.land/std@0.170.0/encoding/_yaml/schema/json.ts": "2205d0d3d3377de56f92ac0f4a82bf561ea0d7b86eb195c9f0c32c7c7871d78f",
    "https://deno.land/std@0.170.0/encoding/_yaml/schema/mod.ts": "6769df6082aceee9849f71168f4353ba4f92e4a2a5a429a422debac13a593d4e",
    "https://deno.land/std@0.170.0/encoding/_yaml/state.ts": "374b8dc170417beccb364e543b25eef73576196f4a526836bb3a621b87a204a3",
    "https://deno.land/std@0.170.0/encoding/_yaml/stringify.ts": "ec15035c1928f96f4e42c0a0e9f3082512e294fd6b8ff6a0403a3ee9282f69aa",
    "https://deno.land/std@0.170.0/encoding/_yaml/type.ts": "95ad0cdbab49343b1527ebc7762c477726c34702438375be6781b44e03e9fcfc",
    "https://deno.land/std@0.170.0/encoding/_yaml/type/binary.ts": "04c00f4e5c491c0c09e894dfd4e2ce312d5cf4bb2a9eb04c4a05d3a6fb17bfbe",
    "https://deno.land/std@0.170.0/encoding/_yaml/type/bool.ts": "95c030531adc3d66a59979dc25c2fcdeb1f58ae40a91d6f9e9a537af0fd2b5a4",
    "https://deno.land/std@0.170.0/encoding/_yaml/type/float.ts": "60e26783fd0e4472bd222e028323ff68e0c5ff37a9871298c676335d8574cf87",
    "https://deno.land/std@0.170.0/encoding/_yaml/type/function.ts": "b5642dda5ef8d47c0325a2b89a022cbce3be45ba21f8c4f9202364d967c6b3e5",
    "https://deno.land/std@0.170.0/encoding/_yaml/type/int.ts": "166cdd73d9473373e0e65e9f65d5fd8e96cbd303b58535e2ff2e049bb73dbefb",
    "https://deno.land/std@0.170.0/encoding/_yaml/type/map.ts": "78bf5447d2e3f79d59bf7cb63a76ca7797854a0d8e2154c6fd35775c4e5c8c61",
    "https://deno.land/std@0.170.0/encoding/_yaml/type/merge.ts": "094b272e6087c6aef39cd9617fa6603ec934e507faad6c276d293e2734f9b083",
    "https://deno.land/std@0.170.0/encoding/_yaml/type/mod.ts": "b2f267dc0b0296cf8f6109aa129e2cf6d1e1f8c59f8903f0330c18749eca2d3c",
    "https://deno.land/std@0.170.0/encoding/_yaml/type/nil.ts": "1988843acab56e99e883cd047c40cc7fb799b6d335f541f022ae3b914abcbe35",
    "https://deno.land/std@0.170.0/encoding/_yaml/type/omap.ts": "fd3f2f9a8ae634996da84d021353ac8bf4b41e714f2711159d756d0e2f3aabd1",
    "https://deno.land/std@0.170.0/encoding/_yaml/type/pairs.ts": "90736f87b6e39a144205a235d8851f7bebf6bb3835fd03742c30253d5ecd7ec5",
    "https://deno.land/std@0.170.0/encoding/_yaml/type/regexp.ts": "a9e70491fa7ede8689b933d81142aa7635a253733a4df626bd479c55cb64222e",
    "https://deno.land/std@0.170.0/encoding/_yaml/type/seq.ts": "135f37a1b6dcb3688bc0dad0c9dc3a04370b1fc94267960586ea23877ffd3088",
    "https://deno.land/std@0.170.0/encoding/_yaml/type/set.ts": "2937ac0e1ce8c121a4009e74568e341e2a380fdb5f41f16050ce2ca7537b2bd8",
    "https://deno.land/std@0.170.0/encoding/_yaml/type/str.ts": "6420d3a0099d9fbc35861241b7dad65b800ff3909efe71ab71c895326187ab8d",
    "https://deno.land/std@0.170.0/encoding/_yaml/type/timestamp.ts": "3db0667dd9bdc3b3f0e8596fff023e87bc9fca230a545bb67d0bf3b732c1c656",
    "https://deno.land/std@0.170.0/encoding/_yaml/type/undefined.ts": "5b595082d064cf50a3345f5fdda8c02beb0768e9d97d4bd4c53ac81a9f94e185",
    "https://deno.land/std@0.170.0/encoding/_yaml/utils.ts": "c7e6bf055b08fffe700c7cbdfa2939cab7b9676ff75b6dc98d72d41b3b173d37",
    "https://deno.land/std@0.170.0/encoding/yaml.ts": "42baa442cb37a7e1f5d1aa5256ba988d139fe7bb2940151d8ed689be0ea67ce9",
    "https://deno.land/std@0.170.0/io/buf_reader.ts": "6c0eb067040a9931be2d24de50f56e67b10e3ff69d5344575df06caddf551417",
    "https://deno.land/std@0.170.0/io/buf_writer.ts": "b1ee5325cec3386596c67b1c7510bfc7e42b2f505060fe2e9d6536cdefdbb30c",
    "https://deno.land/std@0.170.0/io/buffer.ts": "04e4d9a7bffffeddd75df7da795001871857d83f8e7772e6a3eee9d174f33d38",
    "https://deno.land/std@0.170.0/io/read_delim.ts": "6bff17d31730eeab402633ee53701ac16e7b575a343c432acf7bd61bd649fd05",
    "https://deno.land/std@0.170.0/io/read_lines.ts": "51e2841394effe1473f588de2a87d62b1c2deb63ce869115506324e228f9e67b",
    "https://deno.land/std@0.170.0/io/read_string_delim.ts": "70b20eebd853269252d4a833834a2677b711f216842709d11005ba291d822a0a",
    "https://deno.land/std@0.182.0/_util/asserts.ts": "178dfc49a464aee693a7e285567b3d0b555dc805ff490505a8aae34f9cfb1462",
    "https://deno.land/std@0.182.0/_util/os.ts": "d932f56d41e4f6a6093d56044e29ce637f8dcc43c5a90af43504a889cf1775e3",
    "https://deno.land/std@0.182.0/bytes/copy.ts": "939d89e302a9761dcf1d9c937c7711174ed74c59eef40a1e4569a05c9de88219",
    "https://deno.land/std@0.182.0/fmt/colors.ts": "d67e3cd9f472535241a8e410d33423980bec45047e343577554d3356e1f0ef4e",
    "https://deno.land/std@0.182.0/fs/_util.ts": "65381f341af1ff7f40198cee15c20f59951ac26e51ddc651c5293e24f9ce6f32",
    "https://deno.land/std@0.182.0/fs/copy.ts": "14214efd94fc3aa6db1e4af2b4b9578e50f7362b7f3725d5a14ad259a5df26c8",
    "https://deno.land/std@0.182.0/fs/empty_dir.ts": "c3d2da4c7352fab1cf144a1ecfef58090769e8af633678e0f3fabaef98594688",
    "https://deno.land/std@0.182.0/fs/ensure_dir.ts": "dc64c4c75c64721d4e3fb681f1382f803ff3d2868f08563ff923fdd20d071c40",
    "https://deno.land/std@0.182.0/fs/ensure_file.ts": "c38602670bfaf259d86ca824a94e6cb9e5eb73757fefa4ebf43a90dd017d53d9",
    "https://deno.land/std@0.182.0/fs/ensure_link.ts": "c0f5b2f0ec094ed52b9128eccb1ee23362a617457aa0f699b145d4883f5b2fb4",
    "https://deno.land/std@0.182.0/fs/ensure_symlink.ts": "5006ab2f458159c56d689b53b1e48d57e05eeb1eaf64e677f7f76a30bc4fdba1",
    "https://deno.land/std@0.182.0/fs/eol.ts": "f1f2eb348a750c34500741987b21d65607f352cf7205f48f4319d417fff42842",
    "https://deno.land/std@0.182.0/fs/exists.ts": "29c26bca8584a22876be7cb8844f1b6c8fc35e9af514576b78f5c6884d7ed02d",
    "https://deno.land/std@0.182.0/fs/expand_glob.ts": "e4f56259a0a70fe23f05215b00de3ac5e6ba46646ab2a06ebbe9b010f81c972a",
    "https://deno.land/std@0.182.0/fs/mod.ts": "bc3d0acd488cc7b42627044caf47d72019846d459279544e1934418955ba4898",
    "https://deno.land/std@0.182.0/fs/move.ts": "4cb47f880e3f0582c55e71c9f8b1e5e8cfaacb5e84f7390781dd563b7298ec19",
    "https://deno.land/std@0.182.0/fs/walk.ts": "920be35a7376db6c0b5b1caf1486fb962925e38c9825f90367f8f26b5e5d0897",
    "https://deno.land/std@0.182.0/io/buf_reader.ts": "abeb92b18426f11d72b112518293a96aef2e6e55f80b84235e8971ac910affb5",
    "https://deno.land/std@0.182.0/io/buffer.ts": "17f4410eaaa60a8a85733e8891349a619eadfbbe42e2f319283ce2b8f29723ab",
    "https://deno.land/std@0.182.0/path/_constants.ts": "e49961f6f4f48039c0dfed3c3f93e963ca3d92791c9d478ac5b43183413136e0",
    "https://deno.land/std@0.182.0/path/_interface.ts": "6471159dfbbc357e03882c2266d21ef9afdb1e4aa771b0545e90db58a0ba314b",
    "https://deno.land/std@0.182.0/path/_util.ts": "d7abb1e0dea065f427b89156e28cdeb32b045870acdf865833ba808a73b576d0",
    "https://deno.land/std@0.182.0/path/common.ts": "ee7505ab01fd22de3963b64e46cff31f40de34f9f8de1fff6a1bd2fe79380000",
    "https://deno.land/std@0.182.0/path/glob.ts": "d479e0a695621c94d3fd7fe7abd4f9499caf32a8de13f25073451c6ef420a4e1",
    "https://deno.land/std@0.182.0/path/mod.ts": "bf718f19a4fdd545aee1b06409ca0805bd1b68ecf876605ce632e932fe54510c",
    "https://deno.land/std@0.182.0/path/posix.ts": "8b7c67ac338714b30c816079303d0285dd24af6b284f7ad63da5b27372a2c94d",
    "https://deno.land/std@0.182.0/path/separator.ts": "0fb679739d0d1d7bf45b68dacfb4ec7563597a902edbaf3c59b50d5bcadd93b1",
    "https://deno.land/std@0.182.0/path/win32.ts": "d186344e5583bcbf8b18af416d13d82b35a317116e6460a5a3953508c3de5bba",
    "https://deno.land/std@0.182.0/streams/read_all.ts": "ee319772fb0fd28302f97343cc48dfcf948f154fd0d755d8efe65814b70533be",
    "https://deno.land/std@0.182.0/streams/reader_from_stream_reader.ts": "fa4971e5615a010e49492c5d1688ca1a4d17472a41e98b498ab89a64ebd7ac73",
    "https://deno.land/std@0.182.0/streams/write_all.ts": "aec90152978581ea62d56bb53a5cbf487e6a89c902f87c5969681ffbdf32b998",
    "https://deno.land/x/dax@0.10.0/lib/rs_lib.generated.js": "c4d29beff18383609dd91f23f2bf39617f4d3f350aabf4499f43fd95448fb651",
    "https://deno.land/x/dax@0.10.0/mod.ts": "e30eadd6dd8a886432b664d6cc0cf96a6e35957c288ca76bcbd21c0bbb614d36",
    "https://deno.land/x/dax@0.10.0/src/command.ts": "2d41891f10b68a2faf09dcaafa0cc723ca7c6da8702f034e0eb2c11e66fd3068",
    "https://deno.land/x/dax@0.10.0/src/command_handler.ts": "b4e9ad8a95015a926c93e467a074574b2f98e7209e4d48439cfb4bfd9be4946e",
    "https://deno.land/x/dax@0.10.0/src/commands/cd.ts": "15a75fb42646445fb6a061af1f52c63253c7c45accdbc801a92a5b00f1cf212c",
    "https://deno.land/x/dax@0.10.0/src/commands/echo.ts": "2af0b8f33a688a972540848487cb6a045debe504edcc5eb40bd9eb4aad6058c4",
    "https://deno.land/x/dax@0.10.0/src/commands/exit.ts": "36759cba6494062891216794bffa61803a6d547fe05a5a5da76a7daa31b8968a",
    "https://deno.land/x/dax@0.10.0/src/commands/export.ts": "b7fd3e55e744d83735013c8c35e629ff4533b0d5929cc1d0d60af68718ff902d",
    "https://deno.land/x/dax@0.10.0/src/commands/sleep.ts": "63805137d7113314e4c104d87a102ca50b55642d6cf450cba1533f973c81123a",
    "https://deno.land/x/dax@0.10.0/src/commands/test.ts": "50ccc3fc02a6d3c01700f93a70b42594e2e6bc41955ed0f5b06eb6da8eb8335b",
    "https://deno.land/x/dax@0.10.0/src/common.ts": "cb00a20e264e4a48d3e8261617c270677a62fbdf082358aaca9c907073e58d03",
    "https://deno.land/x/dax@0.10.0/src/deps.ts": "a6ad51c3ca8d4411e5768ce4e943349d272c43a1e943fdb46f2f62dc59a91155",
    "https://deno.land/x/dax@0.10.0/src/pipes.ts": "84eda4be883b90fc950e54770e1c809a68d395790da3e4064c6f7b28702bf354",
    "https://deno.land/x/dax@0.10.0/src/request.ts": "aa25ac908adb33d8e8ec45cfded9387959667c1b565da75a5df93f357d9c1080",
    "https://deno.land/x/dax@0.10.0/src/result.ts": "c0cd24e377548990f3de240606bd1a205c0428c0252bd7c5ef9be92a93d54ffc",
    "https://deno.land/x/dax@0.10.0/src/shell.ts": "91eb5c784adac96874ceb9e7e0737faf6c23a78df5b17fbb6fa776c27a2eabe0",
    "https://deno.land/x/dax@0.33.0/mod.ts": "ca356a821da3039e1e6752d4c2d3912d2849c03d86ed98bd6a989c8e707c193b",
    "https://deno.land/x/dax@0.33.0/src/command.ts": "69b326593f3d652c4696563f238c621c25b1bb3604c5aec2cfdecb430175e140",
    "https://deno.land/x/dax@0.33.0/src/command_handler.ts": "6c420ce69da8aaa20dd02df072d9d697691d9789bf35c22420d487227db561a1",
    "https://deno.land/x/dax@0.33.0/src/commands/args.ts": "a138aef24294e3cbf13cef08f4836d018e8dd99fd06ad82e7e7f08ef680bbc1d",
    "https://deno.land/x/dax@0.33.0/src/commands/cat.ts": "229dc854f80ea8f1ebd811190fc31e5cf0fe39f76c2de1c27e256cb831237cb0",
    "https://deno.land/x/dax@0.33.0/src/commands/cd.ts": "239fee1606881dbc3f778a761d1d4557c21a63063c15ab58883a32e7466b7177",
    "https://deno.land/x/dax@0.33.0/src/commands/cp_mv.ts": "58205a82a9404e444c7c5caf98b5dd2b350c668c0b421546a038b76ea8b6a53d",
    "https://deno.land/x/dax@0.33.0/src/commands/echo.ts": "247909de5b8ea20218daab419f3aad37b69763052272aca3633fe8e7f83148cd",
    "https://deno.land/x/dax@0.33.0/src/commands/exit.ts": "c619e52d744dfa3e8fa954026f1c5302d8be991c775553efc85a0f224b77b6ff",
    "https://deno.land/x/dax@0.33.0/src/commands/export.ts": "b6ecad1203cfe606d69da6c16736f31acf211e864e6822484d85cea1cb7d5528",
    "https://deno.land/x/dax@0.33.0/src/commands/mkdir.ts": "9381ecdc0e0203d941f89027b6ef2865393bf0a66670bf5f5aaa6a49669244c7",
    "https://deno.land/x/dax@0.33.0/src/commands/printenv.ts": "473c39b457cae91e9ca029ad420642b9a410257fb699674660c886c6ebe72ebc",
    "https://deno.land/x/dax@0.33.0/src/commands/pwd.ts": "5438aea979027bfa5c64c2a7f1073389735ea986f6abe2174ec21bcb70a2156f",
    "https://deno.land/x/dax@0.33.0/src/commands/rm.ts": "d911ff4e2e0b3d3c5d426c7b735313741ad762d9e25a743f101a1b05447eecf8",
    "https://deno.land/x/dax@0.33.0/src/commands/sleep.ts": "c3d232085ad5b035bae0367defbe8b742dd005ec3926196ea8f1bea7e13d7a03",
    "https://deno.land/x/dax@0.33.0/src/commands/test.ts": "a221f82c209fd53756e9c02c475b9d5833284513853e90fdaaf0c1e1d9cfbf30",
    "https://deno.land/x/dax@0.33.0/src/commands/touch.ts": "5953dbde8732da47ade9b7554a638ea06a8b67a59842e638fb79f7aebe392650",
    "https://deno.land/x/dax@0.33.0/src/commands/unset.ts": "8d4abb29f53c3de0c10ba6d51e3d55bce745160f7430396ede58156e8f2b747c",
    "https://deno.land/x/dax@0.33.0/src/common.ts": "c0e809c591400dbadb25197f2819c59fec6b897c94c1aba6a026d5d1eee9cb53",
    "https://deno.land/x/dax@0.33.0/src/console/confirm.ts": "d9128d10b77fcc0a8df2784f71c79df68f5c8e00a34b04547b9ba9ddf1c97f96",
    "https://deno.land/x/dax@0.33.0/src/console/logger.ts": "e0ab5025915cef70df03681c756e211f25bb2e4331f82ed4256b17ddd9e794ea",
    "https://deno.land/x/dax@0.33.0/src/console/mod.ts": "29ae1f8250b74a477e26a3b6ccf647badf5d8f8e2a9e6c4aa0d5df9e3bbbb273",
    "https://deno.land/x/dax@0.33.0/src/console/multiSelect.ts": "31003744e58f45f720271bd034d8cfba1055c954ba02d77a2f2eb21e4c1ed55a",
    "https://deno.land/x/dax@0.33.0/src/console/progress/format.ts": "15ddbb8051580f88ed499281e12ca6f881f875ab73268d7451d7113ee130bd7d",
    "https://deno.land/x/dax@0.33.0/src/console/progress/interval.ts": "80188d980a27c2eb07c31324365118af549641442f0752fe7c3b0c91832e5046",
    "https://deno.land/x/dax@0.33.0/src/console/progress/mod.ts": "70080a5d06ab2c58e948225e1e5144458fbc36fbfa61672ac82bb2f6c6991bad",
    "https://deno.land/x/dax@0.33.0/src/console/prompt.ts": "78c645b41a7562133d05a10901ae4d682cb22bfaf0b5a21cc8475ca2a946aee1",
    "https://deno.land/x/dax@0.33.0/src/console/select.ts": "c9d7124d975bf34d52ea1ac88fd610ed39db8ee6505b9bb53f371cef2f56c6ab",
    "https://deno.land/x/dax@0.33.0/src/console/utils.ts": "954c99397dcd2cb3f1ccf50055085f17c9ffb31b25b3c5719776de81e23935f4",
    "https://deno.land/x/dax@0.33.0/src/deps.ts": "336856548060686f715492d6e00de3a422c29c6b89e491573936a8d5b0e3f975",
    "https://deno.land/x/dax@0.33.0/src/lib/mod.ts": "c8e9ca527dacf1e5a0132f07c6d0e4b4bc6f86b6c83694316fb5805f325dd9fe",
    "https://deno.land/x/dax@0.33.0/src/lib/rs_lib.generated.js": "22f6813fc63f7ae7f01f2fdec892f66831d858fc376fd57ab018be9a78bbb5fd",
    "https://deno.land/x/dax@0.33.0/src/path.ts": "a959803a78695d134db5d872d55b06e0e1c5ae1e2bee4ebcafc4fcfa2be62b74",
    "https://deno.land/x/dax@0.33.0/src/pipes.ts": "3aa984c0d031f4221953e228ba89452a86068a80d2811fddb9c60737cd4ab174",
    "https://deno.land/x/dax@0.33.0/src/request.ts": "5ae93f6cc49a2e143c1cf3cece5564f2bfa4db56a9d8165668ea42ba056efec2",
    "https://deno.land/x/dax@0.33.0/src/result.ts": "0908b69c16b25c3b258f6b2ada12e124686df5f7ea2b98daa27a83973c7b118c",
    "https://deno.land/x/dax@0.33.0/src/shell.ts": "eed95aac668e915e4ba4a433ecb0789a2a7417cc597b181ff73de7ab8f3fe5f4",
    "https://deno.land/x/dir@1.5.1/data_local_dir/mod.ts": "91eb1c4bfadfbeda30171007bac6d85aadacd43224a5ed721bbe56bc64e9eb66",
    "https://deno.land/x/outdent@v0.8.0/src/index.ts": "6dc3df4108d5d6fedcdb974844d321037ca81eaaa16be6073235ff3268841a22",
    "https://deno.land/x/which@0.2.1/mod.ts": "2e076cb85aea9798662b355fb613d27eebcc78dfc8934ece4ae932f6303f6ca8",
    "https://deno.land/x/which@0.3.0/mod.ts": "3e10d07953c14e4ddc809742a3447cef14202cdfe9be6678a1dfc8769c4487e6",
    "https://raw.githubusercontent.com/dprint/automation/0.3.0/cargo.ts": "79798e8d86a413021cd52d1936ee853858cc04f9073fa6826e3c389970e18c81",
    "https://raw.githubusercontent.com/dprint/automation/0.3.0/hash.ts": "b81cab5700a6d7b6a0a4ff5b60bf0e26a2827eafd747ddd4c10bc6a4887d8d94",
    "https://raw.githubusercontent.com/dprint/automation/0.3.0/mod.ts": "a36d0be254bc0348e920eafd67054f5fa3102eaaa90021051d4f27569baf3b07",
    "https://raw.githubusercontent.com/dprint/automation/0.3.0/process_plugin.ts": "74f35bec73cbc510f63ed3f234c695ebb7799548bab180a4031c89280f60fb25"
  }
}
