{
  "version": "2",
  "remote": {
    "https://deno.land/std@0.147.0/_deno_unstable.ts": "be3276fd42cffb49f51b705c4b0aa8656aaf2a34be22d769455c8e50ea38e51a",
    "https://deno.land/std@0.147.0/_util/assert.ts": "e94f2eb37cebd7f199952e242c77654e43333c1ac4c5c700e929ea3aa5489f74",
    "https://deno.land/std@0.147.0/_util/os.ts": "3b4c6e27febd119d36a416d7a97bd3b0251b77c88942c8f16ee5953ea13e2e49",
    "https://deno.land/std@0.147.0/bytes/bytes_list.ts": "aba5e2369e77d426b10af1de0dcc4531acecec27f9b9056f4f7bfbf8ac147ab4",
    "https://deno.land/std@0.147.0/bytes/equals.ts": "3c3558c3ae85526f84510aa2b48ab2ad7bdd899e2e0f5b7a8ffc85acb3a6043a",
    "https://deno.land/std@0.147.0/bytes/mod.ts": "763f97d33051cc3f28af1a688dfe2830841192a9fea0cbaa55f927b49d49d0bf",
    "https://deno.land/std@0.147.0/fmt/colors.ts": "6f9340b7fb8cc25a993a99e5efc56fe81bb5af284ff412129dd06df06f53c0b4",
    "https://deno.land/std@0.147.0/fs/_util.ts": "2cf50bfb1081c2d5f2efec10ac19abbc2baf478e51cd1b057d0da2f30585b6ba",
    "https://deno.land/std@0.147.0/fs/copy.ts": "9248d1492599957af8c693ceb10a432b09f0b0b61c60a4d6aff29b0c7d3a17b3",
    "https://deno.land/std@0.147.0/fs/empty_dir.ts": "7274d87160de34cbed0531e284df383045cf43543bbeadeb97feac598bd8f3c5",
    "https://deno.land/std@0.147.0/fs/ensure_dir.ts": "9dc109c27df4098b9fc12d949612ae5c9c7169507660dcf9ad90631833209d9d",
    "https://deno.land/std@0.147.0/fs/ensure_file.ts": "7d353e64fee3d4d1e7c6b6726a2a5e987ba402c15fb49566309042887349c545",
    "https://deno.land/std@0.147.0/fs/ensure_link.ts": "489e23df9fe3e6636048b5830ddf0f111eb29621eb85719255ad9bd645f3471b",
    "https://deno.land/std@0.147.0/fs/ensure_symlink.ts": "88dc83de1bc90ed883dd458c2d2eae3d5834a4617d12925734836e1f0803b274",
    "https://deno.land/std@0.147.0/fs/eol.ts": "b92f0b88036de507e7e6fbedbe8f666835ea9dcbf5ac85917fa1fadc919f83a5",
    "https://deno.land/std@0.147.0/fs/exists.ts": "cb734d872f8554ea40b8bff77ad33d4143c1187eac621a55bf37781a43c56f6d",
    "https://deno.land/std@0.147.0/fs/expand_glob.ts": "143400698822117018c3646f4b7d2d418bc5cdede1ec837a8c70013b7711c761",
    "https://deno.land/std@0.147.0/fs/mod.ts": "7111008fcdf935f1bfdf07f881f4d1e152063d146025e9622ae12d1fd5f4d7b8",
    "https://deno.land/std@0.147.0/fs/move.ts": "0573cedcf583f09a9494f2dfccbf67de68a93629942d6b5e6e74a9e45d4e8a2e",
    "https://deno.land/std@0.147.0/fs/walk.ts": "6ce8d87fbaeda23383e979599ad27f3f94b3e5ff0c0cd976b5fc5c2aa0df7d92",
    "https://deno.land/std@0.147.0/io/buffer.ts": "bd0c4bf53db4b4be916ca5963e454bddfd3fcd45039041ea161dbf826817822b",
    "https://deno.land/std@0.147.0/io/types.d.ts": "0cae3a62da7a37043661746c65c021058bae020b54e50c0e774916e5d4baee43",
    "https://deno.land/std@0.147.0/path/_constants.ts": "df1db3ffa6dd6d1252cc9617e5d72165cd2483df90e93833e13580687b6083c3",
    "https://deno.land/std@0.147.0/path/_interface.ts": "ee3b431a336b80cf445441109d089b70d87d5e248f4f90ff906820889ecf8d09",
    "https://deno.land/std@0.147.0/path/_util.ts": "c1e9686d0164e29f7d880b2158971d805b6e0efc3110d0b3e24e4b8af2190d2b",
    "https://deno.land/std@0.147.0/path/common.ts": "bee563630abd2d97f99d83c96c2fa0cca7cee103e8cb4e7699ec4d5db7bd2633",
    "https://deno.land/std@0.147.0/path/glob.ts": "cb5255638de1048973c3e69e420c77dc04f75755524cb3b2e160fe9277d939ee",
    "https://deno.land/std@0.147.0/path/mod.ts": "4945b430b759b0b3d98f2a278542cbcf95e0ad2bd8eaaed3c67322b306b2b346",
    "https://deno.land/std@0.147.0/path/posix.ts": "c1f7afe274290ea0b51da07ee205653b2964bd74909a82deb07b69a6cc383aaa",
    "https://deno.land/std@0.147.0/path/separator.ts": "fe1816cb765a8068afb3e8f13ad272351c85cbc739af56dacfc7d93d710fe0f9",
    "https://deno.land/std@0.147.0/path/win32.ts": "bd7549042e37879c68ff2f8576a25950abbfca1d696d41d82c7bca0b7e6f452c",
    "https://deno.land/std@0.147.0/streams/conversion.ts": "fc3db02026183da795fa32ac7549868e9f19c75ba029d4b4c3739af62b48517a",
    "https://deno.land/std@0.153.0/semver/mod.ts": "25f6d286ab714096bc278babbf8d7c7d51ce790c83805fd7e1e2bd6a18b5f2e2",
    "https://deno.land/x/dax@0.10.0/lib/rs_lib.generated.js": "c4d29beff18383609dd91f23f2bf39617f4d3f350aabf4499f43fd95448fb651",
    "https://deno.land/x/dax@0.10.0/mod.ts": "e30eadd6dd8a886432b664d6cc0cf96a6e35957c288ca76bcbd21c0bbb614d36",
    "https://deno.land/x/dax@0.10.0/src/command.ts": "2d41891f10b68a2faf09dcaafa0cc723ca7c6da8702f034e0eb2c11e66fd3068",
    "https://deno.land/x/dax@0.10.0/src/command_handler.ts": "b4e9ad8a95015a926c93e467a074574b2f98e7209e4d48439cfb4bfd9be4946e",
    "https://deno.land/x/dax@0.10.0/src/commands/cd.ts": "15a75fb42646445fb6a061af1f52c63253c7c45accdbc801a92a5b00f1cf212c",
    "https://deno.land/x/dax@0.10.0/src/commands/echo.ts": "2af0b8f33a688a972540848487cb6a045debe504edcc5eb40bd9eb4aad6058c4",
    "https://deno.land/x/dax@0.10.0/src/commands/exit.ts": "36759cba6494062891216794bffa61803a6d547fe05a5a5da76a7daa31b8968a",
    "https://deno.land/x/dax@0.10.0/src/commands/export.ts": "b7fd3e55e744d83735013c8c35e629ff4533b0d5929cc1d0d60af68718ff902d",
    "https://deno.land/x/dax@0.10.0/src/commands/sleep.ts": "63805137d7113314e4c104d87a102ca50b55642d6cf450cba1533f973c81123a",
    "https://deno.land/x/dax@0.10.0/src/commands/test.ts": "50ccc3fc02a6d3c01700f93a70b42594e2e6bc41955ed0f5b06eb6da8eb8335b",
    "https://deno.land/x/dax@0.10.0/src/common.ts": "cb00a20e264e4a48d3e8261617c270677a62fbdf082358aaca9c907073e58d03",
    "https://deno.land/x/dax@0.10.0/src/deps.ts": "a6ad51c3ca8d4411e5768ce4e943349d272c43a1e943fdb46f2f62dc59a91155",
    "https://deno.land/x/dax@0.10.0/src/pipes.ts": "84eda4be883b90fc950e54770e1c809a68d395790da3e4064c6f7b28702bf354",
    "https://deno.land/x/dax@0.10.0/src/request.ts": "aa25ac908adb33d8e8ec45cfded9387959667c1b565da75a5df93f357d9c1080",
    "https://deno.land/x/dax@0.10.0/src/result.ts": "c0cd24e377548990f3de240606bd1a205c0428c0252bd7c5ef9be92a93d54ffc",
    "https://deno.land/x/dax@0.10.0/src/shell.ts": "91eb5c784adac96874ceb9e7e0737faf6c23a78df5b17fbb6fa776c27a2eabe0",
    "https://deno.land/x/which@0.2.1/mod.ts": "2e076cb85aea9798662b355fb613d27eebcc78dfc8934ece4ae932f6303f6ca8"
  }
}
